
Microsoft Visual Studio Solution File, Format Version 12.00
# Visual Studio Version 16
VisualStudioVersion = 16.0.30907.101
MinimumVisualStudioVersion = 10.0.40219.1
Project("{FAE04EC0-301F-11D3-BF4B-00C04F79EFBC}") = "RestWithASPNETUdemy", "RestWithASPNETUdemy\RestWithASPNETUdemy.csproj", "{60BFF0BF-E329-44A1-87E3-E79C82C99760}"
EndProject
Global
	GlobalSection(SolutionConfigurationPlatforms) = preSolution
		Debug|Any CPU = Debug|Any CPU
		Release|Any CPU = Release|Any CPU
	EndGlobalSection
	GlobalSection(ProjectConfigurationPlatforms) = postSolution
		{60BFF0BF-E329-44A1-87E3-E79C82C99760}.Debug|Any CPU.ActiveCfg = Debug|Any CPU
		{60BFF0BF-E329-44A1-87E3-E79C82C99760}.Debug|Any CPU.Build.0 = Debug|Any CPU
		{60BFF0BF-E329-44A1-87E3-E79C82C99760}.Release|Any CPU.ActiveCfg = Release|Any CPU
		{60BFF0BF-E329-44A1-87E3-E79C82C99760}.Release|Any CPU.Build.0 = Release|Any CPU
	EndGlobalSection
	GlobalSection(SolutionProperties) = preSolution
		HideSolutionNode = FALSE
	EndGlobalSection
	GlobalSection(ExtensibilityGlobals) = postSolution
		SolutionGuid = {D349E446-1ACE-4449-9D4B-9F16A7AD987D}
	EndGlobalSection
EndGlobal
